// !$*UTF8*$!
{
	archiveVersion = 1;
	classes = {
	};
	objectVersion = 48;
	objects = {

/* Begin PBXBuildFile section */
		04EA24A31F920171009958D6 /* AppDelegate.swift in Sources */ = {isa = PBXBuildFile; fileRef = 04EA24A21F920171009958D6 /* AppDelegate.swift */; };
		04EA24A51F920171009958D6 /* ViewController.swift in Sources */ = {isa = PBXBuildFile; fileRef = 04EA24A41F920171009958D6 /* ViewController.swift */; };
		04EA24A81F920171009958D6 /* Main.storyboard in Resources */ = {isa = PBXBuildFile; fileRef = 04EA24A61F920171009958D6 /* Main.storyboard */; };
		04EA24AB1F920172009958D6 /* Gatya.xcdatamodeld in Sources */ = {isa = PBXBuildFile; fileRef = 04EA24A91F920172009958D6 /* Gatya.xcdatamodeld */; };
		04EA24AD1F920172009958D6 /* Assets.xcassets in Resources */ = {isa = PBXBuildFile; fileRef = 04EA24AC1F920172009958D6 /* Assets.xcassets */; };
		04EA24B01F920172009958D6 /* LaunchScreen.storyboard in Resources */ = {isa = PBXBuildFile; fileRef = 04EA24AE1F920172009958D6 /* LaunchScreen.storyboard */; };
		04EA24BB1F920172009958D6 /* GatyaTests.swift in Sources */ = {isa = PBXBuildFile; fileRef = 04EA24BA1F920172009958D6 /* GatyaTests.swift */; };
		04EA24C61F920172009958D6 /* GatyaUITests.swift in Sources */ = {isa = PBXBuildFile; fileRef = 04EA24C51F920172009958D6 /* GatyaUITests.swift */; };
/* End PBXBuildFile section */

/* Begin PBXContainerItemProxy section */
		04EA24B71F920172009958D6 /* PBXContainerItemProxy */ = {
			isa = PBXContainerItemProxy;
			containerPortal = 04EA24971F920171009958D6 /* Project object */;
			proxyType = 1;
			remoteGlobalIDString = 04EA249E1F920171009958D6;
			remoteInfo = Gatya;
		};
		04EA24C21F920172009958D6 /* PBXContainerItemProxy */ = {
			isa = PBXContainerItemProxy;
			containerPortal = 04EA24971F920171009958D6 /* Project object */;
			proxyType = 1;
			remoteGlobalIDString = 04EA249E1F920171009958D6;
			remoteInfo = Gatya;
		};
/* End PBXContainerItemProxy section */

/* Begin PBXFileReference section */
		04EA249F1F920171009958D6 /* Gatya.app */ = {isa = PBXFileReference; explicitFileType = wrapper.application; includeInIndex = 0; path = Gatya.app; sourceTree = BUILT_PRODUCTS_DIR; };
		04EA24A21F920171009958D6 /* AppDelegate.swift */ = {isa = PBXFileReference; lastKnownFileType = sourcecode.swift; path = AppDelegate.swift; sourceTree = "<group>"; };
		04EA24A41F920171009958D6 /* ViewController.swift */ = {isa = PBXFileReference; lastKnownFileType = sourcecode.swift; path = ViewController.swift; sourceTree = "<group>"; };
		04EA24A71F920171009958D6 /* Base */ = {isa = PBXFileReference; lastKnownFileType = file.storyboard; name = Base; path = Base.lproj/Main.storyboard; sourceTree = "<group>"; };
		04EA24AA1F920172009958D6 /* Gatya.xcdatamodel */ = {isa = PBXFileReference; lastKnownFileType = wrapper.xcdatamodel; path = Gatya.xcdatamodel; sourceTree = "<group>"; };
		04EA24AC1F920172009958D6 /* Assets.xcassets */ = {isa = PBXFileReference; lastKnownFileType = folder.assetcatalog; path = Assets.xcassets; sourceTree = "<group>"; };
		04EA24AF1F920172009958D6 /* Base */ = {isa = PBXFileReference; lastKnownFileType = file.storyboard; name = Base; path = Base.lproj/LaunchScreen.storyboard; sourceTree = "<group>"; };
		04EA24B11F920172009958D6 /* Info.plist */ = {isa = PBXFileReference; lastKnownFileType = text.plist.xml; path = Info.plist; sourceTree = "<group>"; };
		04EA24B61F920172009958D6 /* GatyaTests.xctest */ = {isa = PBXFileReference; explicitFileType = wrapper.cfbundle; includeInIndex = 0; path = GatyaTests.xctest; sourceTree = BUILT_PRODUCTS_DIR; };
		04EA24BA1F920172009958D6 /* GatyaTests.swift */ = {isa = PBXFileReference; lastKnownFileType = sourcecode.swift; path = GatyaTests.swift; sourceTree = "<group>"; };
		04EA24BC1F920172009958D6 /* Info.plist */ = {isa = PBXFileReference; lastKnownFileType = text.plist.xml; path = Info.plist; sourceTree = "<group>"; };
		04EA24C11F920172009958D6 /* GatyaUITests.xctest */ = {isa = PBXFileReference; explicitFileType = wrapper.cfbundle; includeInIndex = 0; path = GatyaUITests.xctest; sourceTree = BUILT_PRODUCTS_DIR; };
		04EA24C51F920172009958D6 /* GatyaUITests.swift */ = {isa = PBXFileReference; lastKnownFileType = sourcecode.swift; path = GatyaUITests.swift; sourceTree = "<group>"; };
		04EA24C71F920172009958D6 /* Info.plist */ = {isa = PBXFileReference; lastKnownFileType = text.plist.xml; path = Info.plist; sourceTree = "<group>"; };
/* End PBXFileReference section */

/* Begin PBXFrameworksBuildPhase section */
		04EA249C1F920171009958D6 /* Frameworks */ = {
			isa = PBXFrameworksBuildPhase;
			buildActionMask = 2147483647;
			files = (
			);
			runOnlyForDeploymentPostprocessing = 0;
		};
		04EA24B31F920172009958D6 /* Frameworks */ = {
			isa = PBXFrameworksBuildPhase;
			buildActionMask = 2147483647;
			files = (
			);
			runOnlyForDeploymentPostprocessing = 0;
		};
		04EA24BE1F920172009958D6 /* Frameworks */ = {
			isa = PBXFrameworksBuildPhase;
			buildActionMask = 2147483647;
			files = (
			);
			runOnlyForDeploymentPostprocessing = 0;
		};
/* End PBXFrameworksBuildPhase section */

/* Begin PBXGroup section */
		04EA24961F920171009958D6 = {
			isa = PBXGroup;
			children = (
				04EA24A11F920171009958D6 /* Gatya */,
				04EA24B91F920172009958D6 /* GatyaTests */,
				04EA24C41F920172009958D6 /* GatyaUITests */,
				04EA24A01F920171009958D6 /* Products */,
			);
			sourceTree = "<group>";
		};
		04EA24A01F920171009958D6 /* Products */ = {
			isa = PBXGroup;
			children = (
				04EA249F1F920171009958D6 /* Gatya.app */,
				04EA24B61F920172009958D6 /* GatyaTests.xctest */,
				04EA24C11F920172009958D6 /* GatyaUITests.xctest */,
			);
			name = Products;
			sourceTree = "<group>";
		};
		04EA24A11F920171009958D6 /* Gatya */ = {
			isa = PBXGroup;
			children = (
				04EA24A21F920171009958D6 /* AppDelegate.swift */,
				04EA24A41F920171009958D6 /* ViewController.swift */,
				04EA24A61F920171009958D6 /* Main.storyboard */,
				04EA24AC1F920172009958D6 /* Assets.xcassets */,
				04EA24AE1F920172009958D6 /* LaunchScreen.storyboard */,
				04EA24B11F920172009958D6 /* Info.plist */,
				04EA24A91F920172009958D6 /* Gatya.xcdatamodeld */,
			);
			path = Gatya;
			sourceTree = "<group>";
		};
		04EA24B91F920172009958D6 /* GatyaTests */ = {
			isa = PBXGroup;
			children = (
				04EA24BA1F920172009958D6 /* GatyaTests.swift */,
				04EA24BC1F920172009958D6 /* Info.plist */,
			);
			path = GatyaTests;
			sourceTree = "<group>";
		};
		04EA24C41F920172009958D6 /* GatyaUITests */ = {
			isa = PBXGroup;
			children = (
				04EA24C51F920172009958D6 /* GatyaUITests.swift */,
				04EA24C71F920172009958D6 /* Info.plist */,
			);
			path = GatyaUITests;
			sourceTree = "<group>";
		};
/* End PBXGroup section */

/* Begin PBXNativeTarget section */
		04EA249E1F920171009958D6 /* Gatya */ = {
			isa = PBXNativeTarget;
			buildConfigurationList = 04EA24CA1F920172009958D6 /* Build configuration list for PBXNativeTarget "Gatya" */;
			buildPhases = (
				04EA249B1F920171009958D6 /* Sources */,
				04EA249C1F920171009958D6 /* Frameworks */,
				04EA249D1F920171009958D6 /* Resources */,
			);
			buildRules = (
			);
			dependencies = (
			);
			name = Gatya;
			productName = Gatya;
			productReference = 04EA249F1F920171009958D6 /* Gatya.app */;
			productType = "com.apple.product-type.application";
		};
		04EA24B51F920172009958D6 /* GatyaTests */ = {
			isa = PBXNativeTarget;
			buildConfigurationList = 04EA24CD1F920172009958D6 /* Build configuration list for PBXNativeTarget "GatyaTests" */;
			buildPhases = (
				04EA24B21F920172009958D6 /* Sources */,
				04EA24B31F920172009958D6 /* Frameworks */,
				04EA24B41F920172009958D6 /* Resources */,
			);
			buildRules = (
			);
			dependencies = (
				04EA24B81F920172009958D6 /* PBXTargetDependency */,
			);
			name = GatyaTests;
			productName = GatyaTests;
			productReference = 04EA24B61F920172009958D6 /* GatyaTests.xctest */;
			productType = "com.apple.product-type.bundle.unit-test";
		};
		04EA24C01F920172009958D6 /* GatyaUITests */ = {
			isa = PBXNativeTarget;
			buildConfigurationList = 04EA24D01F920172009958D6 /* Build configuration list for PBXNativeTarget "GatyaUITests" */;
			buildPhases = (
				04EA24BD1F920172009958D6 /* Sources */,
				04EA24BE1F920172009958D6 /* Frameworks */,
				04EA24BF1F920172009958D6 /* Resources */,
			);
			buildRules = (
			);
			dependencies = (
				04EA24C31F920172009958D6 /* PBXTargetDependency */,
			);
			name = GatyaUITests;
			productName = GatyaUITests;
			productReference = 04EA24C11F920172009958D6 /* GatyaUITests.xctest */;
			productType = "com.apple.product-type.bundle.ui-testing";
		};
/* End PBXNativeTarget section */

/* Begin PBXProject section */
		04EA24971F920171009958D6 /* Project object */ = {
			isa = PBXProject;
			attributes = {
				LastSwiftUpdateCheck = 0900;
				LastUpgradeCheck = 0900;
				ORGANIZATIONNAME = "上田　護";
				TargetAttributes = {
					04EA249E1F920171009958D6 = {
						CreatedOnToolsVersion = 9.0;
						ProvisioningStyle = Automatic;
					};
					04EA24B51F920172009958D6 = {
						CreatedOnToolsVersion = 9.0;
						ProvisioningStyle = Automatic;
						TestTargetID = 04EA249E1F920171009958D6;
					};
					04EA24C01F920172009958D6 = {
						CreatedOnToolsVersion = 9.0;
						ProvisioningStyle = Automatic;
						TestTargetID = 04EA249E1F920171009958D6;
					};
				};
			};
			buildConfigurationList = 04EA249A1F920171009958D6 /* Build configuration list for PBXProject "Gatya" */;
			compatibilityVersion = "Xcode 8.0";
			developmentRegion = en;
			hasScannedForEncodings = 0;
			knownRegions = (
				en,
				Base,
			);
			mainGroup = 04EA24961F920171009958D6;
			productRefGroup = 04EA24A01F920171009958D6 /* Products */;
			projectDirPath = "";
			projectRoot = "";
			targets = (
				04EA249E1F920171009958D6 /* Gatya */,
				04EA24B51F920172009958D6 /* GatyaTests */,
				04EA24C01F920172009958D6 /* GatyaUITests */,
			);
		};
/* End PBXProject section */

/* Begin PBXResourcesBuildPhase section */
		04EA249D1F920171009958D6 /* Resources */ = {
			isa = PBXResourcesBuildPhase;
			buildActionMask = 2147483647;
			files = (
				04EA24B01F920172009958D6 /* LaunchScreen.storyboard in Resources */,
				04EA24AD1F920172009958D6 /* Assets.xcassets in Resources */,
				04EA24A81F920171009958D6 /* Main.storyboard in Resources */,
			);
			runOnlyForDeploymentPostprocessing = 0;
		};
		04EA24B41F920172009958D6 /* Resources */ = {
			isa = PBXResourcesBuildPhase;
			buildActionMask = 2147483647;
			files = (
			);
			runOnlyForDeploymentPostprocessing = 0;
		};
		04EA24BF1F920172009958D6 /* Resources */ = {
			isa = PBXResourcesBuildPhase;
			buildActionMask = 2147483647;
			files = (
			);
			runOnlyForDeploymentPostprocessing = 0;
		};
/* End PBXResourcesBuildPhase section */

/* Begin PBXSourcesBuildPhase section */
		04EA249B1F920171009958D6 /* Sources */ = {
			isa = PBXSourcesBuildPhase;
			buildActionMask = 2147483647;
			files = (
				04EA24A51F920171009958D6 /* ViewController.swift in Sources */,
				04EA24AB1F920172009958D6 /* Gatya.xcdatamodeld in Sources */,
				04EA24A31F920171009958D6 /* AppDelegate.swift in Sources */,
			);
			runOnlyForDeploymentPostprocessing = 0;
		};
		04EA24B21F920172009958D6 /* Sources */ = {
			isa = PBXSourcesBuildPhase;
			buildActionMask = 2147483647;
			files = (
				04EA24BB1F920172009958D6 /* GatyaTests.swift in Sources */,
			);
			runOnlyForDeploymentPostprocessing = 0;
		};
		04EA24BD1F920172009958D6 /* Sources */ = {
			isa = PBXSourcesBuildPhase;
			buildActionMask = 2147483647;
			files = (
				04EA24C61F920172009958D6 /* GatyaUITests.swift in Sources */,
			);
			runOnlyForDeploymentPostprocessing = 0;
		};
/* End PBXSourcesBuildPhase section */

/* Begin PBXTargetDependency section */
		04EA24B81F920172009958D6 /* PBXTargetDependency */ = {
			isa = PBXTargetDependency;
			target = 04EA249E1F920171009958D6 /* Gatya */;
			targetProxy = 04EA24B71F920172009958D6 /* PBXContainerItemProxy */;
		};
		04EA24C31F920172009958D6 /* PBXTargetDependency */ = {
			isa = PBXTargetDependency;
			target = 04EA249E1F920171009958D6 /* Gatya */;
			targetProxy = 04EA24C21F920172009958D6 /* PBXContainerItemProxy */;
		};
/* End PBXTargetDependency section */

/* Begin PBXVariantGroup section */
		04EA24A61F920171009958D6 /* Main.storyboard */ = {
			isa = PBXVariantGroup;
			children = (
				04EA24A71F920171009958D6 /* Base */,
			);
			name = Main.storyboard;
			sourceTree = "<group>";
		};
		04EA24AE1F920172009958D6 /* LaunchScreen.storyboard */ = {
			isa = PBXVariantGroup;
			children = (
				04EA24AF1F920172009958D6 /* Base */,
			);
			name = LaunchScreen.storyboard;
			sourceTree = "<group>";
		};
/* End PBXVariantGroup section */

/* Begin XCBuildConfiguration section */
		04EA24C81F920172009958D6 /* Debug */ = {
			isa = XCBuildConfiguration;
			buildSettings = {
				ALWAYS_SEARCH_USER_PATHS = NO;
				CLANG_ANALYZER_NONNULL = YES;
				CLANG_ANALYZER_NUMBER_OBJECT_CONVERSION = YES_AGGRESSIVE;
				CLANG_CXX_LANGUAGE_STANDARD = "gnu++14";
				CLANG_CXX_LIBRARY = "libc++";
				CLANG_ENABLE_MODULES = YES;
				CLANG_ENABLE_OBJC_ARC = YES;
				CLANG_WARN_BLOCK_CAPTURE_AUTORELEASING = YES;
				CLANG_WARN_BOOL_CONVERSION = YES;
				CLANG_WARN_COMMA = YES;
				CLANG_WARN_CONSTANT_CONVERSION = YES;
				CLANG_WARN_DIRECT_OBJC_ISA_USAGE = YES_ERROR;
				CLANG_WARN_DOCUMENTATION_COMMENTS = YES;
				CLANG_WARN_EMPTY_BODY = YES;
				CLANG_WARN_ENUM_CONVERSION = YES;
				CLANG_WARN_INFINITE_RECURSION = YES;
				CLANG_WARN_INT_CONVERSION = YES;
				CLANG_WARN_NON_LITERAL_NULL_CONVERSION = YES;
				CLANG_WARN_OBJC_LITERAL_CONVERSION = YES;
				CLANG_WARN_OBJC_ROOT_CLASS = YES_ERROR;
				CLANG_WARN_RANGE_LOOP_ANALYSIS = YES;
				CLANG_WARN_STRICT_PROTOTYPES = YES;
				CLANG_WARN_SUSPICIOUS_MOVE = YES;
				CLANG_WARN_UNGUARDED_AVAILABILITY = YES_AGGRESSIVE;
				CLANG_WARN_UNREACHABLE_CODE = YES;
				CLANG_WARN__DUPLICATE_METHOD_MATCH = YES;
				CODE_SIGN_IDENTITY = "iPhone Developer";
				COPY_PHASE_STRIP = NO;
				DEBUG_INFORMATION_FORMAT = dwarf;
				ENABLE_STRICT_OBJC_MSGSEND = YES;
				ENABLE_TESTABILITY = YES;
				GCC_C_LANGUAGE_STANDARD = gnu11;
				GCC_DYNAMIC_NO_PIC = NO;
				GCC_NO_COMMON_BLOCKS = YES;
				GCC_OPTIMIZATION_LEVEL = 0;
				GCC_PREPROCESSOR_DEFINITIONS = (
					"DEBUG=1",
					"$(inherited)",
				);
				GCC_WARN_64_TO_32_BIT_CONVERSION = YES;
				GCC_WARN_ABOUT_RETURN_TYPE = YES_ERROR;
				GCC_WARN_UNDECLARED_SELECTOR = YES;
				GCC_WARN_UNINITIALIZED_AUTOS = YES_AGGRESSIVE;
				GCC_WARN_UNUSED_FUNCTION = YES;
				GCC_WARN_UNUSED_VARIABLE = YES;
				IPHONEOS_DEPLOYMENT_TARGET = 11.0;
				MTL_ENABLE_DEBUG_INFO = YES;
				ONLY_ACTIVE_ARCH = YES;
				SDKROOT = iphoneos;
				SWIFT_ACTIVE_COMPILATION_CONDITIONS = DEBUG;
				SWIFT_OPTIMIZATION_LEVEL = "-Onone";
			};
			name = Debug;
		};
		04EA24C91F920172009958D6 /* Release */ = {
			isa = XCBuildConfiguration;
			buildSettings = {
				ALWAYS_SEARCH_USER_PATHS = NO;
				CLANG_ANALYZER_NONNULL = YES;
				CLANG_ANALYZER_NUMBER_OBJECT_CONVERSION = YES_AGGRESSIVE;
				CLANG_CXX_LANGUAGE_STANDARD = "gnu++14";
				CLANG_CXX_LIBRARY = "libc++";
				CLANG_ENABLE_MODULES = YES;
				CLANG_ENABLE_OBJC_ARC = YES;
				CLANG_WARN_BLOCK_CAPTURE_AUTORELEASING = YES;
				CLANG_WARN_BOOL_CONVERSION = YES;
				CLANG_WARN_COMMA = YES;
				CLANG_WARN_CONSTANT_CONVERSION = YES;
				CLANG_WARN_DIRECT_OBJC_ISA_USAGE = YES_ERROR;
				CLANG_WARN_DOCUMENTATION_COMMENTS = YES;
				CLANG_WARN_EMPTY_BODY = YES;
				CLANG_WARN_ENUM_CONVERSION = YES;
				CLANG_WARN_INFINITE_RECURSION = YES;
				CLANG_WARN_INT_CONVERSION = YES;
				CLANG_WARN_NON_LITERAL_NULL_CONVERSION = YES;
				CLANG_WARN_OBJC_LITERAL_CONVERSION = YES;
				CLANG_WARN_OBJC_ROOT_CLASS = YES_ERROR;
				CLANG_WARN_RANGE_LOOP_ANALYSIS = YES;
				CLANG_WARN_STRICT_PROTOTYPES = YES;
				CLANG_WARN_SUSPICIOUS_MOVE = YES;
				CLANG_WARN_UNGUARDED_AVAILABILITY = YES_AGGRESSIVE;
				CLANG_WARN_UNREACHABLE_CODE = YES;
				CLANG_WARN__DUPLICATE_METHOD_MATCH = YES;
				CODE_SIGN_IDENTITY = "iPhone Developer";
				COPY_PHASE_STRIP = NO;
				DEBUG_INFORMATION_FORMAT = "dwarf-with-dsym";
				ENABLE_NS_ASSERTIONS = NO;
				ENABLE_STRICT_OBJC_MSGSEND = YES;
				GCC_C_LANGUAGE_STANDARD = gnu11;
				GCC_NO_COMMON_BLOCKS = YES;
				GCC_WARN_64_TO_32_BIT_CONVERSION = YES;
				GCC_WARN_ABOUT_RETURN_TYPE = YES_ERROR;
				GCC_WARN_UNDECLARED_SELECTOR = YES;
				GCC_WARN_UNINITIALIZED_AUTOS = YES_AGGRESSIVE;
				GCC_WARN_UNUSED_FUNCTION = YES;
				GCC_WARN_UNUSED_VARIABLE = YES;
				IPHONEOS_DEPLOYMENT_TARGET = 11.0;
				MTL_ENABLE_DEBUG_INFO = NO;
				SDKROOT = iphoneos;
				SWIFT_OPTIMIZATION_LEVEL = "-Owholemodule";
				VALIDATE_PRODUCT = YES;
			};
			name = Release;
		};
		04EA24CB1F920172009958D6 /* Debug */ = {
			isa = XCBuildConfiguration;
			buildSettings = {
				ASSETCATALOG_COMPILER_APPICON_NAME = AppIcon;
				CODE_SIGN_STYLE = Automatic;
				DEVELOPMENT_TEAM = 9RWL9BWXDB;
				INFOPLIST_FILE = Gatya/Info.plist;
				LD_RUNPATH_SEARCH_PATHS = "$(inherited) @executable_path/Frameworks";
				PRODUCT_BUNDLE_IDENTIFIER = com.default.Gatya;
				PRODUCT_NAME = "$(TARGET_NAME)";
				SWIFT_VERSION = 4.0;
				TARGETED_DEVICE_FAMILY = "1,2";
			};
			name = Debug;
		};
		04EA24CC1F920172009958D6 /* Release */ = {
			isa = XCBuildConfiguration;
			buildSettings = {
				ASSETCATALOG_COMPILER_APPICON_NAME = AppIcon;
				CODE_SIGN_STYLE = Automatic;
				DEVELOPMENT_TEAM = 9RWL9BWXDB;
				INFOPLIST_FILE = Gatya/Info.plist;
				LD_RUNPATH_SEARCH_PATHS = "$(inherited) @executable_path/Frameworks";
				PRODUCT_BUNDLE_IDENTIFIER = com.default.Gatya;
				PRODUCT_NAME = "$(TARGET_NAME)";
				SWIFT_VERSION = 4.0;
				TARGETED_DEVICE_FAMILY = "1,2";
			};
			name = Release;
		};
		04EA24CE1F920172009958D6 /* Debug */ = {
			isa = XCBuildConfiguration;
			buildSettings = {
				ALWAYS_EMBED_SWIFT_STANDARD_LIBRARIES = YES;
				BUNDLE_LOADER = "$(TEST_HOST)";
				CODE_SIGN_STYLE = Automatic;
				DEVELOPMENT_TEAM = 9RWL9BWXDB;
				INFOPLIST_FILE = GatyaTests/Info.plist;
				LD_RUNPATH_SEARCH_PATHS = "$(inherited) @executable_path/Frameworks @loader_path/Frameworks";
				PRODUCT_BUNDLE_IDENTIFIER = com.default.GatyaTests;
				PRODUCT_NAME = "$(TARGET_NAME)";
				SWIFT_VERSION = 4.0;
				TARGETED_DEVICE_FAMILY = "1,2";
				TEST_HOST = "$(BUILT_PRODUCTS_DIR)/Gatya.app/Gatya";
			};
			name = Debug;
		};
		04EA24CF1F920172009958D6 /* Release */ = {
			isa = XCBuildConfiguration;
			buildSettings = {
				ALWAYS_EMBED_SWIFT_STANDARD_LIBRARIES = YES;
				BUNDLE_LOADER = "$(TEST_HOST)";
				CODE_SIGN_STYLE = Automatic;
				DEVELOPMENT_TEAM = 9RWL9BWXDB;
				INFOPLIST_FILE = GatyaTests/Info.plist;
				LD_RUNPATH_SEARCH_PATHS = "$(inherited) @executable_path/Frameworks @loader_path/Frameworks";
				PRODUCT_BUNDLE_IDENTIFIER = com.default.GatyaTests;
				PRODUCT_NAME = "$(TARGET_NAME)";
				SWIFT_VERSION = 4.0;
				TARGETED_DEVICE_FAMILY = "1,2";
				TEST_HOST = "$(BUILT_PRODUCTS_DIR)/Gatya.app/Gatya";
			};
			name = Release;
		};
		04EA24D11F920172009958D6 /* Debug */ = {
			isa = XCBuildConfiguration;
			buildSettings = {
				ALWAYS_EMBED_SWIFT_STANDARD_LIBRARIES = YES;
				CODE_SIGN_STYLE = Automatic;
				DEVELOPMENT_TEAM = 9RWL9BWXDB;
				INFOPLIST_FILE = GatyaUITests/Info.plist;
				LD_RUNPATH_SEARCH_PATHS = "$(inherited) @executable_path/Frameworks @loader_path/Frameworks";
				PRODUCT_BUNDLE_IDENTIFIER = com.default.GatyaUITests;
				PRODUCT_NAME = "$(TARGET_NAME)";
				SWIFT_VERSION = 4.0;
				TARGETED_DEVICE_FAMILY = "1,2";
				TEST_TARGET_NAME = Gatya;
			};
			name = Debug;
		};
		04EA24D21F920172009958D6 /* Release */ = {
			isa = XCBuildConfiguration;
			buildSettings = {
				ALWAYS_EMBED_SWIFT_STANDARD_LIBRARIES = YES;
				CODE_SIGN_STYLE = Automatic;
				DEVELOPMENT_TEAM = 9RWL9BWXDB;
				INFOPLIST_FILE = GatyaUITests/Info.plist;
				LD_RUNPATH_SEARCH_PATHS = "$(inherited) @executable_path/Frameworks @loader_path/Frameworks";
				PRODUCT_BUNDLE_IDENTIFIER = com.default.GatyaUITests;
				PRODUCT_NAME = "$(TARGET_NAME)";
				SWIFT_VERSION = 4.0;
				TARGETED_DEVICE_FAMILY = "1,2";
				TEST_TARGET_NAME = Gatya;
			};
			name = Release;
		};
/* End XCBuildConfiguration section */

/* Begin XCConfigurationList section */
		04EA249A1F920171009958D6 /* Build configuration list for PBXProject "Gatya" */ = {
			isa = XCConfigurationList;
			buildConfigurations = (
				04EA24C81F920172009958D6 /* Debug */,
				04EA24C91F920172009958D6 /* Release */,
			);
			defaultConfigurationIsVisible = 0;
			defaultConfigurationName = Release;
		};
		04EA24CA1F920172009958D6 /* Build configuration list for PBXNativeTarget "Gatya" */ = {
			isa = XCConfigurationList;
			buildConfigurations = (
				04EA24CB1F920172009958D6 /* Debug */,
				04EA24CC1F920172009958D6 /* Release */,
			);
			defaultConfigurationIsVisible = 0;
			defaultConfigurationName = Release;
		};
		04EA24CD1F920172009958D6 /* Build configuration list for PBXNativeTarget "GatyaTests" */ = {
			isa = XCConfigurationList;
			buildConfigurations = (
				04EA24CE1F920172009958D6 /* Debug */,
				04EA24CF1F920172009958D6 /* Release */,
			);
			defaultConfigurationIsVisible = 0;
			defaultConfigurationName = Release;
		};
		04EA24D01F920172009958D6 /* Build configuration list for PBXNativeTarget "GatyaUITests" */ = {
			isa = XCConfigurationList;
			buildConfigurations = (
				04EA24D11F920172009958D6 /* Debug */,
				04EA24D21F920172009958D6 /* Release */,
			);
			defaultConfigurationIsVisible = 0;
			defaultConfigurationName = Release;
		};
/* End XCConfigurationList section */

/* Begin XCVersionGroup section */
		04EA24A91F920172009958D6 /* Gatya.xcdatamodeld */ = {
			isa = XCVersionGroup;
			children = (
				04EA24AA1F920172009958D6 /* Gatya.xcdatamodel */,
			);
			currentVersion = 04EA24AA1F920172009958D6 /* Gatya.xcdatamodel */;
			path = Gatya.xcdatamodeld;
			sourceTree = "<group>";
			versionGroupType = wrapper.xcdatamodel;
		};
/* End XCVersionGroup section */
	};
	rootObject = 04EA24971F920171009958D6 /* Project object */;
}
